
Microsoft Visual Studio Solution File, Format Version 12.00
# Visual Studio Version 17
VisualStudioVersion = 17.10.35122.118
MinimumVisualStudioVersion = 10.0.40219.1
Project("{FAE04EC0-301F-11D3-BF4B-00C04F79EFBC}") = "PatikaOOPInheritance", "PatikaOOPInheritance\PatikaOOPInheritance.csproj", "{32528A86-FA66-4291-9819-1F9D78375916}"
EndProject
Global
	GlobalSection(SolutionConfigurationPlatforms) = preSolution
		Debug|Any CPU = Debug|Any CPU
		Release|Any CPU = Release|Any CPU
	EndGlobalSection
	GlobalSection(ProjectConfigurationPlatforms) = postSolution
		{32528A86-FA66-4291-9819-1F9D78375916}.Debug|Any CPU.ActiveCfg = Debug|Any CPU
		{32528A86-FA66-4291-9819-1F9D78375916}.Debug|Any CPU.Build.0 = Debug|Any CPU
		{32528A86-FA66-4291-9819-1F9D78375916}.Release|Any CPU.ActiveCfg = Release|Any CPU
		{32528A86-FA66-4291-9819-1F9D78375916}.Release|Any CPU.Build.0 = Release|Any CPU
	EndGlobalSection
	GlobalSection(SolutionProperties) = preSolution
		HideSolutionNode = FALSE
	EndGlobalSection
	GlobalSection(ExtensibilityGlobals) = postSolution
		SolutionGuid = {CD8E1F29-EC3E-48E9-B93C-165B75D6C3CD}
	EndGlobalSection
EndGlobal
